
Microsoft Visual Studio Solution File, Format Version 12.00
# Visual Studio Version 17
VisualStudioVersion = 17.5.002.0
MinimumVisualStudioVersion = 10.0.40219.1
Project("{2150E333-8FDC-42A3-9474-1A3956D46DE8}") = "csharp-prep", "csharp-prep", "{5855ADE1-0CDA-45AC-B674-248165E32D57}"
EndProject
Project("{9A19103F-16F7-4668-BE54-9A1E7A4F7556}") = "Prep1", "csharp-prep\Prep1\Prep1.csproj", "{E47CCA98-BFC5-45AC-9CCE-B6672D94F5B8}"
EndProject
Project("{9A19103F-16F7-4668-BE54-9A1E7A4F7556}") = "Prep2", "csharp-prep\Prep2\Prep2.csproj", "{E7B35574-5DEE-438E-A8E8-118E4594A4EF}"
EndProject
Project("{9A19103F-16F7-4668-BE54-9A1E7A4F7556}") = "Prep3", "csharp-prep\Prep3\Prep3.csproj", "{0190FAE7-3BE8-4C3D-B019-97FE18FA7AD2}"
EndProject
Project("{9A19103F-16F7-4668-BE54-9A1E7A4F7556}") = "Prep4", "csharp-prep\Prep4\Prep4.csproj", "{D2AD00F5-6187-4792-8D36-7446DE072122}"
EndProject
Project("{9A19103F-16F7-4668-BE54-9A1E7A4F7556}") = "Prep5", "csharp-prep\Prep5\Prep5.csproj", "{CF583A7E-60FD-4663-A8FB-51A12BAB76D2}"
EndProject
Project("{2150E333-8FDC-42A3-9474-1A3956D46DE8}") = "final", "final", "{1DF8A622-BF2D-4F33-AD83-3D3056BD34A2}"
EndProject
Project("{9A19103F-16F7-4668-BE54-9A1E7A4F7556}") = "FinalProject", "final\FinalProject\FinalProject.csproj", "{F1F33CAA-21FE-43DE-8BB7-195FAE2A743A}"
EndProject
Project("{9A19103F-16F7-4668-BE54-9A1E7A4F7556}") = "Foundation1", "final\Foundation1\Foundation1.csproj", "{A035858A-1E64-4083-8889-4C4489764056}"
EndProject
Project("{9A19103F-16F7-4668-BE54-9A1E7A4F7556}") = "Foundation2", "final\Foundation2\Foundation2.csproj", "{9393814D-ABB7-4580-8414-82148C7D385B}"
EndProject
Project("{9A19103F-16F7-4668-BE54-9A1E7A4F7556}") = "Foundation3", "final\Foundation3\Foundation3.csproj", "{4D26BE03-3F3A-4971-A521-79C835B86E69}"
EndProject
Project("{9A19103F-16F7-4668-BE54-9A1E7A4F7556}") = "Foundation4", "final\Foundation4\Foundation4.csproj", "{43AF917F-0FB5-4BB5-934E-F0CB06DADA9D}"
EndProject
Project("{2150E333-8FDC-42A3-9474-1A3956D46DE8}") = "prepare", "prepare", "{C684BC1C-A405-4C3D-B4F6-352A3B125A5D}"
EndProject
Project("{9A19103F-16F7-4668-BE54-9A1E7A4F7556}") = "Learning02", "prepare\Learning02\Learning02.csproj", "{D6C41583-E86F-4868-8061-27E26A7ACBE0}"
EndProject
Project("{9A19103F-16F7-4668-BE54-9A1E7A4F7556}") = "Learning03", "prepare\Learning03\Learning03.csproj", "{A33E02D3-D563-426D-B672-2AE222D847EF}"
EndProject
Project("{9A19103F-16F7-4668-BE54-9A1E7A4F7556}") = "Learning04", "prepare\Learning04\Learning04.csproj", "{462E3DB8-7232-435F-A065-D74486818619}"
EndProject
Project("{9A19103F-16F7-4668-BE54-9A1E7A4F7556}") = "Learning05", "prepare\Learning05\Learning05.csproj", "{D317B57E-CB8D-42BF-A98E-03507BAFDAAC}"
EndProject
Project("{2150E333-8FDC-42A3-9474-1A3956D46DE8}") = "prove", "prove", "{1272118D-02CA-43F1-A082-B21202AA899E}"
EndProject
Project("{9A19103F-16F7-4668-BE54-9A1E7A4F7556}") = "Develop02", "prove\Develop02\Develop02.csproj", "{E9082BB7-FE2B-4C8F-A6BA-48D3BC4C41FF}"
EndProject
Project("{9A19103F-16F7-4668-BE54-9A1E7A4F7556}") = "Develop03", "prove\Develop03\Develop03.csproj", "{0FFAD542-2478-4389-AE2A-75882280A3C5}"
EndProject
Project("{9A19103F-16F7-4668-BE54-9A1E7A4F7556}") = "Develop04", "prove\Develop04\Develop04.csproj", "{D7488F19-83CC-4DCC-9222-9EB7288D3931}"
EndProject
Project("{9A19103F-16F7-4668-BE54-9A1E7A4F7556}") = "Develop05", "prove\Develop05\Develop05.csproj", "{3B93A8B9-270E-45AA-9314-4126053742ED}"
EndProject
Project("{2150E333-8FDC-42A3-9474-1A3956D46DE8}") = "sandbox", "sandbox", "{90F0930F-BB1D-45E2-B13D-2904E934203B}"
EndProject
Project("{9A19103F-16F7-4668-BE54-9A1E7A4F7556}") = "Sandbox", "sandbox\Sandbox\Sandbox.csproj", "{A0CEFDB8-E125-4E02-AFD7-F3D30CE6E803}"
EndProject
Global
	GlobalSection(SolutionConfigurationPlatforms) = preSolution
		Debug|Any CPU = Debug|Any CPU
		Release|Any CPU = Release|Any CPU
	EndGlobalSection
	GlobalSection(ProjectConfigurationPlatforms) = postSolution
		{E47CCA98-BFC5-45AC-9CCE-B6672D94F5B8}.Debug|Any CPU.ActiveCfg = Debug|Any CPU
		{E47CCA98-BFC5-45AC-9CCE-B6672D94F5B8}.Debug|Any CPU.Build.0 = Debug|Any CPU
		{E47CCA98-BFC5-45AC-9CCE-B6672D94F5B8}.Release|Any CPU.ActiveCfg = Release|Any CPU
		{E47CCA98-BFC5-45AC-9CCE-B6672D94F5B8}.Release|Any CPU.Build.0 = Release|Any CPU
		{E7B35574-5DEE-438E-A8E8-118E4594A4EF}.Debug|Any CPU.ActiveCfg = Debug|Any CPU
		{E7B35574-5DEE-438E-A8E8-118E4594A4EF}.Debug|Any CPU.Build.0 = Debug|Any CPU
		{E7B35574-5DEE-438E-A8E8-118E4594A4EF}.Release|Any CPU.ActiveCfg = Release|Any CPU
		{E7B35574-5DEE-438E-A8E8-118E4594A4EF}.Release|Any CPU.Build.0 = Release|Any CPU
		{0190FAE7-3BE8-4C3D-B019-97FE18FA7AD2}.Debug|Any CPU.ActiveCfg = Debug|Any CPU
		{0190FAE7-3BE8-4C3D-B019-97FE18FA7AD2}.Debug|Any CPU.Build.0 = Debug|Any CPU
		{0190FAE7-3BE8-4C3D-B019-97FE18FA7AD2}.Release|Any CPU.ActiveCfg = Release|Any CPU
		{0190FAE7-3BE8-4C3D-B019-97FE18FA7AD2}.Release|Any CPU.Build.0 = Release|Any CPU
		{D2AD00F5-6187-4792-8D36-7446DE072122}.Debug|Any CPU.ActiveCfg = Debug|Any CPU
		{D2AD00F5-6187-4792-8D36-7446DE072122}.Debug|Any CPU.Build.0 = Debug|Any CPU
		{D2AD00F5-6187-4792-8D36-7446DE072122}.Release|Any CPU.ActiveCfg = Release|Any CPU
		{D2AD00F5-6187-4792-8D36-7446DE072122}.Release|Any CPU.Build.0 = Release|Any CPU
		{CF583A7E-60FD-4663-A8FB-51A12BAB76D2}.Debug|Any CPU.ActiveCfg = Debug|Any CPU
		{CF583A7E-60FD-4663-A8FB-51A12BAB76D2}.Debug|Any CPU.Build.0 = Debug|Any CPU
		{CF583A7E-60FD-4663-A8FB-51A12BAB76D2}.Release|Any CPU.ActiveCfg = Release|Any CPU
		{CF583A7E-60FD-4663-A8FB-51A12BAB76D2}.Release|Any CPU.Build.0 = Release|Any CPU
		{F1F33CAA-21FE-43DE-8BB7-195FAE2A743A}.Debug|Any CPU.ActiveCfg = Debug|Any CPU
		{F1F33CAA-21FE-43DE-8BB7-195FAE2A743A}.Debug|Any CPU.Build.0 = Debug|Any CPU
		{F1F33CAA-21FE-43DE-8BB7-195FAE2A743A}.Release|Any CPU.ActiveCfg = Release|Any CPU
		{F1F33CAA-21FE-43DE-8BB7-195FAE2A743A}.Release|Any CPU.Build.0 = Release|Any CPU
		{A035858A-1E64-4083-8889-4C4489764056}.Debug|Any CPU.ActiveCfg = Debug|Any CPU
		{A035858A-1E64-4083-8889-4C4489764056}.Debug|Any CPU.Build.0 = Debug|Any CPU
		{A035858A-1E64-4083-8889-4C4489764056}.Release|Any CPU.ActiveCfg = Release|Any CPU
		{A035858A-1E64-4083-8889-4C4489764056}.Release|Any CPU.Build.0 = Release|Any CPU
		{9393814D-ABB7-4580-8414-82148C7D385B}.Debug|Any CPU.ActiveCfg = Debug|Any CPU
		{9393814D-ABB7-4580-8414-82148C7D385B}.Debug|Any CPU.Build.0 = Debug|Any CPU
		{9393814D-ABB7-4580-8414-82148C7D385B}.Release|Any CPU.ActiveCfg = Release|Any CPU
		{9393814D-ABB7-4580-8414-82148C7D385B}.Release|Any CPU.Build.0 = Release|Any CPU
		{4D26BE03-3F3A-4971-A521-79C835B86E69}.Debug|Any CPU.ActiveCfg = Debug|Any CPU
		{4D26BE03-3F3A-4971-A521-79C835B86E69}.Debug|Any CPU.Build.0 = Debug|Any CPU
		{4D26BE03-3F3A-4971-A521-79C835B86E69}.Release|Any CPU.ActiveCfg = Release|Any CPU
		{4D26BE03-3F3A-4971-A521-79C835B86E69}.Release|Any CPU.Build.0 = Release|Any CPU
		{43AF917F-0FB5-4BB5-934E-F0CB06DADA9D}.Debug|Any CPU.ActiveCfg = Debug|Any CPU
		{43AF917F-0FB5-4BB5-934E-F0CB06DADA9D}.Debug|Any CPU.Build.0 = Debug|Any CPU
		{43AF917F-0FB5-4BB5-934E-F0CB06DADA9D}.Release|Any CPU.ActiveCfg = Release|Any CPU
		{43AF917F-0FB5-4BB5-934E-F0CB06DADA9D}.Release|Any CPU.Build.0 = Release|Any CPU
		{D6C41583-E86F-4868-8061-27E26A7ACBE0}.Debug|Any CPU.ActiveCfg = Debug|Any CPU
		{D6C41583-E86F-4868-8061-27E26A7ACBE0}.Debug|Any CPU.Build.0 = Debug|Any CPU
		{D6C41583-E86F-4868-8061-27E26A7ACBE0}.Release|Any CPU.ActiveCfg = Release|Any CPU
		{D6C41583-E86F-4868-8061-27E26A7ACBE0}.Release|Any CPU.Build.0 = Release|Any CPU
		{A33E02D3-D563-426D-B672-2AE222D847EF}.Debug|Any CPU.ActiveCfg = Debug|Any CPU
		{A33E02D3-D563-426D-B672-2AE222D847EF}.Debug|Any CPU.Build.0 = Debug|Any CPU
		{A33E02D3-D563-426D-B672-2AE222D847EF}.Release|Any CPU.ActiveCfg = Release|Any CPU
		{A33E02D3-D563-426D-B672-2AE222D847EF}.Release|Any CPU.Build.0 = Release|Any CPU
		{462E3DB8-7232-435F-A065-D74486818619}.Debug|Any CPU.ActiveCfg = Debug|Any CPU
		{462E3DB8-7232-435F-A065-D74486818619}.Debug|Any CPU.Build.0 = Debug|Any CPU
		{462E3DB8-7232-435F-A065-D74486818619}.Release|Any CPU.ActiveCfg = Release|Any CPU
		{462E3DB8-7232-435F-A065-D74486818619}.Release|Any CPU.Build.0 = Release|Any CPU
		{D317B57E-CB8D-42BF-A98E-03507BAFDAAC}.Debug|Any CPU.ActiveCfg = Debug|Any CPU
		{D317B57E-CB8D-42BF-A98E-03507BAFDAAC}.Debug|Any CPU.Build.0 = Debug|Any CPU
		{D317B57E-CB8D-42BF-A98E-03507BAFDAAC}.Release|Any CPU.ActiveCfg = Release|Any CPU
		{D317B57E-CB8D-42BF-A98E-03507BAFDAAC}.Release|Any CPU.Build.0 = Release|Any CPU
		{E9082BB7-FE2B-4C8F-A6BA-48D3BC4C41FF}.Debug|Any CPU.ActiveCfg = Debug|Any CPU
		{E9082BB7-FE2B-4C8F-A6BA-48D3BC4C41FF}.Debug|Any CPU.Build.0 = Debug|Any CPU
		{E9082BB7-FE2B-4C8F-A6BA-48D3BC4C41FF}.Release|Any CPU.ActiveCfg = Release|Any CPU
		{E9082BB7-FE2B-4C8F-A6BA-48D3BC4C41FF}.Release|Any CPU.Build.0 = Release|Any CPU
		{0FFAD542-2478-4389-AE2A-75882280A3C5}.Debug|Any CPU.ActiveCfg = Debug|Any CPU
		{0FFAD542-2478-4389-AE2A-75882280A3C5}.Debug|Any CPU.Build.0 = Debug|Any CPU
		{0FFAD542-2478-4389-AE2A-75882280A3C5}.Release|Any CPU.ActiveCfg = Release|Any CPU
		{0FFAD542-2478-4389-AE2A-75882280A3C5}.Release|Any CPU.Build.0 = Release|Any CPU
		{D7488F19-83CC-4DCC-9222-9EB7288D3931}.Debug|Any CPU.ActiveCfg = Debug|Any CPU
		{D7488F19-83CC-4DCC-9222-9EB7288D3931}.Debug|Any CPU.Build.0 = Debug|Any CPU
		{D7488F19-83CC-4DCC-9222-9EB7288D3931}.Release|Any CPU.ActiveCfg = Release|Any CPU
		{D7488F19-83CC-4DCC-9222-9EB7288D3931}.Release|Any CPU.Build.0 = Release|Any CPU
		{3B93A8B9-270E-45AA-9314-4126053742ED}.Debug|Any CPU.ActiveCfg = Debug|Any CPU
		{3B93A8B9-270E-45AA-9314-4126053742ED}.Debug|Any CPU.Build.0 = Debug|Any CPU
		{3B93A8B9-270E-45AA-9314-4126053742ED}.Release|Any CPU.ActiveCfg = Release|Any CPU
		{3B93A8B9-270E-45AA-9314-4126053742ED}.Release|Any CPU.Build.0 = Release|Any CPU
		{A0CEFDB8-E125-4E02-AFD7-F3D30CE6E803}.Debug|Any CPU.ActiveCfg = Debug|Any CPU
		{A0CEFDB8-E125-4E02-AFD7-F3D30CE6E803}.Debug|Any CPU.Build.0 = Debug|Any CPU
		{A0CEFDB8-E125-4E02-AFD7-F3D30CE6E803}.Release|Any CPU.ActiveCfg = Release|Any CPU
		{A0CEFDB8-E125-4E02-AFD7-F3D30CE6E803}.Release|Any CPU.Build.0 = Release|Any CPU
	EndGlobalSection
	GlobalSection(SolutionProperties) = preSolution
		HideSolutionNode = FALSE
	EndGlobalSection
	GlobalSection(NestedProjects) = preSolution
		{E47CCA98-BFC5-45AC-9CCE-B6672D94F5B8} = {5855ADE1-0CDA-45AC-B674-248165E32D57}
		{E7B35574-5DEE-438E-A8E8-118E4594A4EF} = {5855ADE1-0CDA-45AC-B674-248165E32D57}
		{0190FAE7-3BE8-4C3D-B019-97FE18FA7AD2} = {5855ADE1-0CDA-45AC-B674-248165E32D57}
		{D2AD00F5-6187-4792-8D36-7446DE072122} = {5855ADE1-0CDA-45AC-B674-248165E32D57}
		{CF583A7E-60FD-4663-A8FB-51A12BAB76D2} = {5855ADE1-0CDA-45AC-B674-248165E32D57}
		{F1F33CAA-21FE-43DE-8BB7-195FAE2A743A} = {1DF8A622-BF2D-4F33-AD83-3D3056BD34A2}
		{A035858A-1E64-4083-8889-4C4489764056} = {1DF8A622-BF2D-4F33-AD83-3D3056BD34A2}
		{9393814D-ABB7-4580-8414-82148C7D385B} = {1DF8A622-BF2D-4F33-AD83-3D3056BD34A2}
		{4D26BE03-3F3A-4971-A521-79C835B86E69} = {1DF8A622-BF2D-4F33-AD83-3D3056BD34A2}
		{43AF917F-0FB5-4BB5-934E-F0CB06DADA9D} = {1DF8A622-BF2D-4F33-AD83-3D3056BD34A2}
		{D6C41583-E86F-4868-8061-27E26A7ACBE0} = {C684BC1C-A405-4C3D-B4F6-352A3B125A5D}
		{A33E02D3-D563-426D-B672-2AE222D847EF} = {C684BC1C-A405-4C3D-B4F6-352A3B125A5D}
		{462E3DB8-7232-435F-A065-D74486818619} = {C684BC1C-A405-4C3D-B4F6-352A3B125A5D}
		{D317B57E-CB8D-42BF-A98E-03507BAFDAAC} = {C684BC1C-A405-4C3D-B4F6-352A3B125A5D}
		{E9082BB7-FE2B-4C8F-A6BA-48D3BC4C41FF} = {1272118D-02CA-43F1-A082-B21202AA899E}
		{0FFAD542-2478-4389-AE2A-75882280A3C5} = {1272118D-02CA-43F1-A082-B21202AA899E}
		{D7488F19-83CC-4DCC-9222-9EB7288D3931} = {1272118D-02CA-43F1-A082-B21202AA899E}
		{3B93A8B9-270E-45AA-9314-4126053742ED} = {1272118D-02CA-43F1-A082-B21202AA899E}
		{A0CEFDB8-E125-4E02-AFD7-F3D30CE6E803} = {90F0930F-BB1D-45E2-B13D-2904E934203B}
	EndGlobalSection
	GlobalSection(ExtensibilityGlobals) = postSolution
		SolutionGuid = {EE46B87D-2F38-4575-8231-1D4D65F696BB}
	EndGlobalSection
EndGlobal
